
Microsoft Visual Studio Solution File, Format Version 12.00
# Visual Studio Version 17
VisualStudioVersion = 17.3.32901.215
MinimumVisualStudioVersion = 10.0.40219.1
Project("{FAE04EC0-301F-11D3-BF4B-00C04F79EFBC}") = "P7_1_1214062", "P7_1_1214062\P7_1_1214062.csproj", "{18FD4D7B-1F79-47F5-A25F-0A36AFCE17B8}"
EndProject
Global
	GlobalSection(SolutionConfigurationPlatforms) = preSolution
		Debug|Any CPU = Debug|Any CPU
		Release|Any CPU = Release|Any CPU
	EndGlobalSection
	GlobalSection(ProjectConfigurationPlatforms) = postSolution
		{18FD4D7B-1F79-47F5-A25F-0A36AFCE17B8}.Debug|Any CPU.ActiveCfg = Debug|Any CPU
		{18FD4D7B-1F79-47F5-A25F-0A36AFCE17B8}.Debug|Any CPU.Build.0 = Debug|Any CPU
		{18FD4D7B-1F79-47F5-A25F-0A36AFCE17B8}.Release|Any CPU.ActiveCfg = Release|Any CPU
		{18FD4D7B-1F79-47F5-A25F-0A36AFCE17B8}.Release|Any CPU.Build.0 = Release|Any CPU
	EndGlobalSection
	GlobalSection(SolutionProperties) = preSolution
		HideSolutionNode = FALSE
	EndGlobalSection
	GlobalSection(ExtensibilityGlobals) = postSolution
		SolutionGuid = {BABBEDF9-B772-4E90-A2A3-F54EB13D275C}
	EndGlobalSection
EndGlobal
